
Microsoft Visual Studio Solution File, Format Version 12.00
# Visual Studio 15
VisualStudioVersion = 15.0.28307.902
MinimumVisualStudioVersion = 10.0.40219.1
Project("{FAE04EC0-301F-11D3-BF4B-00C04F79EFBC}") = "MajosToolbox", "MajosToolbox\MajosToolbox.csproj", "{04629961-B9F6-42BF-A4B6-B6D114A8BA4C}"
EndProject
Project("{FAE04EC0-301F-11D3-BF4B-00C04F79EFBC}") = "MajosToolboxTests", "MajosToolboxTests\MajosToolboxTests.csproj", "{57189A9F-1E0C-4D00-BD0D-3250A4B9FE98}"
EndProject
Global
	GlobalSection(SolutionConfigurationPlatforms) = preSolution
		Debug|Any CPU = Debug|Any CPU
		Release|Any CPU = Release|Any CPU
	EndGlobalSection
	GlobalSection(ProjectConfigurationPlatforms) = postSolution
		{04629961-B9F6-42BF-A4B6-B6D114A8BA4C}.Debug|Any CPU.ActiveCfg = Debug|Any CPU
		{04629961-B9F6-42BF-A4B6-B6D114A8BA4C}.Debug|Any CPU.Build.0 = Debug|Any CPU
		{04629961-B9F6-42BF-A4B6-B6D114A8BA4C}.Release|Any CPU.ActiveCfg = Release|Any CPU
		{04629961-B9F6-42BF-A4B6-B6D114A8BA4C}.Release|Any CPU.Build.0 = Release|Any CPU
		{57189A9F-1E0C-4D00-BD0D-3250A4B9FE98}.Debug|Any CPU.ActiveCfg = Debug|Any CPU
		{57189A9F-1E0C-4D00-BD0D-3250A4B9FE98}.Debug|Any CPU.Build.0 = Debug|Any CPU
		{57189A9F-1E0C-4D00-BD0D-3250A4B9FE98}.Release|Any CPU.ActiveCfg = Release|Any CPU
		{57189A9F-1E0C-4D00-BD0D-3250A4B9FE98}.Release|Any CPU.Build.0 = Release|Any CPU
	EndGlobalSection
	GlobalSection(SolutionProperties) = preSolution
		HideSolutionNode = FALSE
	EndGlobalSection
	GlobalSection(ExtensibilityGlobals) = postSolution
		SolutionGuid = {34A24C92-0955-438F-A565-A3F216BEC517}
	EndGlobalSection
EndGlobal
